github.com/antlabs/wsutil v0.1.6 h1:K7wR+EvqQT1Nn7jAKs3dKsGtUykPD2OYlCicv4/tUf8=
github.com/antlabs/wsutil v0.1.6/go.mod h1:7ec5eUM7nmKW+Oi6F1I58iatOeL9k+yIsfOh1zh910g=
github.com/davecgh/go-spew v1.1.1 h1:vj9j/u1bqnvCEfJOwUhtlOARqs3+rkHYY13jYWTU97c=
github.com/davecgh/go-spew v1.1.1/go.mod h1:J7Y8YcW2NihsgmVo/mv3lAwl/skON4iLHjSsI+c5H38=
github.com/pawelgaczynski/giouring v0.0.0-20230826085535-69588b89acb9 h1:Cu/CW2nKeqXinVjf5Bq1FeBD4jWG/msC5UazjjgAvsU=
github.com/pawelgaczynski/giouring v0.0.0-20230826085535-69588b89acb9/go.mod h1:HwOQqYv/WE3RMp4iTQsS6ou8WP3wKO9UXD0oDqB3NPU=
github.com/pmezard/go-difflib v1.0.0 h1:4DBwDE0NGyQoBHbLQYPwSUPoCMWR5BEzIk/f1lZbAQM=
github.com/pmezard/go-difflib v1.0.0/go.mod h1:iKH77koFhYxTK1pcRnkKkqfTogsbg7gZNVY4sRDYZ/4=
github.com/stretchr/testify v1.8.4 h1:CcVxjf3Q8PM0mHUKJCdn+eZZtm5yQwehR5yeSVQQcUk=
github.com/stretchr/testify v1.8.4/go.mod h1:sz/lmYIOXD/1dqDmKjjqLyZ2RngseejIcXlSw2iwfAo=
golang.org/x/sys v0.12.0 h1:CM0HF96J0hcLAwsHPJZjfdNzs0gftsLfgKt57wWHJ0o=
golang.org/x/sys v0.12.0/go.mod h1:oPkhp1MJrh7nUepCBck5+mAzfO9JrbApNNgaTdGDITg=
gopkg.in/yaml.v3 v3.0.1 h1:fxVm/GzAzEWqLHuvctI91KS9hhNmmWOoWu0XTYJS7CA=
gopkg.in/yaml.v3 v3.0.1/go.mod h1:K4uyk7z7BCEPqu6E+C64Yfv1cQ7kz7rIZviUmN+EgEM=
