github.com/antlabs/pulse v0.0.0-20250706062841-600a362a5a50 h1:X2y+PDq9v1M3p2Ajv/PcS+cVdKvHLxfUhTiLGYOeseA=
github.com/antlabs/pulse v0.0.0-20250706062841-600a362a5a50/go.mod h1:PAHGusY7mUdfMvPzBGPIfPA1H9a57HYgl+k3N20pQi8=
github.com/antlabs/task v0.0.0-20250706062027-01bf850b8b0d h1:XCtR+ajGGIB8i/X4VraLEWuBP7ZnVP11H2vZ/NPdaes=
github.com/antlabs/task v0.0.0-20250706062027-01bf850b8b0d/go.mod h1:6YSWbWdHmW/4s9L0RkmiSCqAf0qmhmb119yzaSbJXww=
github.com/antlabs/wsutil v0.1.10 h1:86p67dG8/iiQ+yZrHVl73OPHGnXfXopFSU0w84fLOdE=
github.com/antlabs/wsutil v0.1.10/go.mod h1:Pk7xYOw3o5iEB6ukiOu+2uJMLYeMVVjJLazFD3okI2A=
github.com/ebitengine/purego v0.8.4 h1:CF7LEKg5FFOsASUj0+QwaXf8Ht6TlFxg09+S9wz0omw=
github.com/ebitengine/purego v0.8.4/go.mod h1:iIjxzd6CiRiOG0UyXP+V1+jWqUXVjPKLAI0mRfJZTmQ=
github.com/klauspost/compress v1.17.8 h1:YcnTYrq7MikUT7k0Yb5eceMmALQPYBW/Xltxn0NAMnU=
github.com/klauspost/compress v1.17.8/go.mod h1:Di0epgTjJY877eYKx5yC51cX2A2Vl2ibi7bDH9ttBbw=
golang.org/x/sys v0.31.0 h1:ioabZlmFYtWhL+TRYpcnNlLwhyxaM9kWTDEmfnprqik=
golang.org/x/sys v0.31.0/go.mod h1:BJP2sWEmIv4KK5OTEluFJCKSidICx8ciO85XgH3Ak8k=
